{
	"name": "gsambou",
	"version": "1.0.0",
	"lockfileVersion": 2,
	"requires": true,
	"packages": {
		"": {
			"name": "gsambou",
			"version": "1.0.0",
			"license": "MIT",
			"dependencies": {
				"alert-log": "^1.0.2"
			},
			"bin": {
				"gsambou": "index.js"
			}
		},
		"node_modules/alert-log": {
			"version": "1.0.2",
			"resolved": "https://registry.npmjs.org/alert-log/-/alert-log-1.0.2.tgz",
			"integrity": "sha512-k7EpLM1kXP4bg6iL49qsQQVXtiFo8e4JIpWsihmYKu16KWfaLOZl/BfPb/XWh2Rf5svLjHcVpk5HKaRkRrZbEw=="
		}
	},
	"dependencies": {
		"alert-log": {
			"version": "1.0.2",
			"resolved": "https://registry.npmjs.org/alert-log/-/alert-log-1.0.2.tgz",
			"integrity": "sha512-k7EpLM1kXP4bg6iL49qsQQVXtiFo8e4JIpWsihmYKu16KWfaLOZl/BfPb/XWh2Rf5svLjHcVpk5HKaRkRrZbEw=="
		}
	}
}
